
Microsoft Visual Studio Solution File, Format Version 12.00
# Visual Studio Version 17
VisualStudioVersion = 17.2.32526.322
MinimumVisualStudioVersion = 10.0.40219.1
Project("{FAE04EC0-301F-11D3-BF4B-00C04F79EFBC}") = "Lotto", "Lotto\Lotto.csproj", "{063B2BEF-9CA8-4352-89A0-9656E7D45D49}"
EndProject
Global
	GlobalSection(SolutionConfigurationPlatforms) = preSolution
		Debug|Any CPU = Debug|Any CPU
		Release|Any CPU = Release|Any CPU
	EndGlobalSection
	GlobalSection(ProjectConfigurationPlatforms) = postSolution
		{063B2BEF-9CA8-4352-89A0-9656E7D45D49}.Debug|Any CPU.ActiveCfg = Debug|Any CPU
		{063B2BEF-9CA8-4352-89A0-9656E7D45D49}.Debug|Any CPU.Build.0 = Debug|Any CPU
		{063B2BEF-9CA8-4352-89A0-9656E7D45D49}.Release|Any CPU.ActiveCfg = Release|Any CPU
		{063B2BEF-9CA8-4352-89A0-9656E7D45D49}.Release|Any CPU.Build.0 = Release|Any CPU
	EndGlobalSection
	GlobalSection(SolutionProperties) = preSolution
		HideSolutionNode = FALSE
	EndGlobalSection
	GlobalSection(ExtensibilityGlobals) = postSolution
		SolutionGuid = {A6FE4EE8-5E7D-41E8-A581-CF83D4BB55E2}
	EndGlobalSection
EndGlobal
