
Microsoft Visual Studio Solution File, Format Version 12.00
# Visual Studio Version 17
VisualStudioVersion = 17.2.32526.322
MinimumVisualStudioVersion = 10.0.40219.1
Project("{FAE04EC0-301F-11D3-BF4B-00C04F79EFBC}") = "Hospital", "Hospital\Hospital.csproj", "{DE60E617-A443-4978-91A2-CDC2383697D7}"
EndProject
Global
	GlobalSection(SolutionConfigurationPlatforms) = preSolution
		Debug|Any CPU = Debug|Any CPU
		Release|Any CPU = Release|Any CPU
	EndGlobalSection
	GlobalSection(ProjectConfigurationPlatforms) = postSolution
		{DE60E617-A443-4978-91A2-CDC2383697D7}.Debug|Any CPU.ActiveCfg = Debug|Any CPU
		{DE60E617-A443-4978-91A2-CDC2383697D7}.Debug|Any CPU.Build.0 = Debug|Any CPU
		{DE60E617-A443-4978-91A2-CDC2383697D7}.Release|Any CPU.ActiveCfg = Release|Any CPU
		{DE60E617-A443-4978-91A2-CDC2383697D7}.Release|Any CPU.Build.0 = Release|Any CPU
	EndGlobalSection
	GlobalSection(SolutionProperties) = preSolution
		HideSolutionNode = FALSE
	EndGlobalSection
	GlobalSection(ExtensibilityGlobals) = postSolution
		SolutionGuid = {A86B3F59-1241-432E-916F-F030AE427BB6}
	EndGlobalSection
EndGlobal
