
Microsoft Visual Studio Solution File, Format Version 12.00
# Visual Studio Version 17
VisualStudioVersion = 17.2.32526.322
MinimumVisualStudioVersion = 10.0.40219.1
Project("{FAE04EC0-301F-11D3-BF4B-00C04F79EFBC}") = "CSharpStudy05", "CSharpStudy05\CSharpStudy05.csproj", "{161E9F8C-141F-4713-842A-D4E8205F404C}"
EndProject
Project("{FAE04EC0-301F-11D3-BF4B-00C04F79EFBC}") = "CSharpStudy05_02", "CSharpStudy05_02\CSharpStudy05_02.csproj", "{1A472D0F-19AB-4591-A035-EDB9C8F48D26}"
EndProject
Project("{FAE04EC0-301F-11D3-BF4B-00C04F79EFBC}") = "CSharpStudy05_03", "CSharpStudy05_03\CSharpStudy05_03.csproj", "{6C4D25E6-39BB-4532-8082-ACB55DE1DC5A}"
EndProject
Global
	GlobalSection(SolutionConfigurationPlatforms) = preSolution
		Debug|Any CPU = Debug|Any CPU
		Release|Any CPU = Release|Any CPU
	EndGlobalSection
	GlobalSection(ProjectConfigurationPlatforms) = postSolution
		{161E9F8C-141F-4713-842A-D4E8205F404C}.Debug|Any CPU.ActiveCfg = Debug|Any CPU
		{161E9F8C-141F-4713-842A-D4E8205F404C}.Debug|Any CPU.Build.0 = Debug|Any CPU
		{161E9F8C-141F-4713-842A-D4E8205F404C}.Release|Any CPU.ActiveCfg = Release|Any CPU
		{161E9F8C-141F-4713-842A-D4E8205F404C}.Release|Any CPU.Build.0 = Release|Any CPU
		{1A472D0F-19AB-4591-A035-EDB9C8F48D26}.Debug|Any CPU.ActiveCfg = Debug|Any CPU
		{1A472D0F-19AB-4591-A035-EDB9C8F48D26}.Debug|Any CPU.Build.0 = Debug|Any CPU
		{1A472D0F-19AB-4591-A035-EDB9C8F48D26}.Release|Any CPU.ActiveCfg = Release|Any CPU
		{1A472D0F-19AB-4591-A035-EDB9C8F48D26}.Release|Any CPU.Build.0 = Release|Any CPU
		{6C4D25E6-39BB-4532-8082-ACB55DE1DC5A}.Debug|Any CPU.ActiveCfg = Debug|Any CPU
		{6C4D25E6-39BB-4532-8082-ACB55DE1DC5A}.Debug|Any CPU.Build.0 = Debug|Any CPU
		{6C4D25E6-39BB-4532-8082-ACB55DE1DC5A}.Release|Any CPU.ActiveCfg = Release|Any CPU
		{6C4D25E6-39BB-4532-8082-ACB55DE1DC5A}.Release|Any CPU.Build.0 = Release|Any CPU
	EndGlobalSection
	GlobalSection(SolutionProperties) = preSolution
		HideSolutionNode = FALSE
	EndGlobalSection
	GlobalSection(ExtensibilityGlobals) = postSolution
		SolutionGuid = {E208FCFA-5FCC-4C49-A064-2751B3EF30EE}
	EndGlobalSection
EndGlobal
