
Microsoft Visual Studio Solution File, Format Version 12.00
# Visual Studio Version 17
VisualStudioVersion = 17.2.32526.322
MinimumVisualStudioVersion = 10.0.40219.1
Project("{FAE04EC0-301F-11D3-BF4B-00C04F79EFBC}") = "ParkingManagement", "ParkingManagement\ParkingManagement.csproj", "{99EC3C17-8C45-44CB-A5D1-AC18FCD25E0B}"
EndProject
Global
	GlobalSection(SolutionConfigurationPlatforms) = preSolution
		Debug|Any CPU = Debug|Any CPU
		Release|Any CPU = Release|Any CPU
	EndGlobalSection
	GlobalSection(ProjectConfigurationPlatforms) = postSolution
		{99EC3C17-8C45-44CB-A5D1-AC18FCD25E0B}.Debug|Any CPU.ActiveCfg = Debug|Any CPU
		{99EC3C17-8C45-44CB-A5D1-AC18FCD25E0B}.Debug|Any CPU.Build.0 = Debug|Any CPU
		{99EC3C17-8C45-44CB-A5D1-AC18FCD25E0B}.Release|Any CPU.ActiveCfg = Release|Any CPU
		{99EC3C17-8C45-44CB-A5D1-AC18FCD25E0B}.Release|Any CPU.Build.0 = Release|Any CPU
	EndGlobalSection
	GlobalSection(SolutionProperties) = preSolution
		HideSolutionNode = FALSE
	EndGlobalSection
	GlobalSection(ExtensibilityGlobals) = postSolution
		SolutionGuid = {E1736B64-BF86-46AE-B502-E272F5CF73F7}
	EndGlobalSection
EndGlobal
