
Microsoft Visual Studio Solution File, Format Version 12.00
# Visual Studio Version 17
VisualStudioVersion = 17.2.32526.322
MinimumVisualStudioVersion = 10.0.40219.1
Project("{FAE04EC0-301F-11D3-BF4B-00C04F79EFBC}") = "CSharpStudy08", "CSharpStudy08\CSharpStudy08.csproj", "{D1C28B54-3099-4FF8-AE42-7E8F9F1B7368}"
EndProject
Project("{FAE04EC0-301F-11D3-BF4B-00C04F79EFBC}") = "CSharpStudy09", "CSharpStudy09\CSharpStudy09.csproj", "{844462BA-A435-4117-9D3F-7662C73AC5DD}"
EndProject
Project("{FAE04EC0-301F-11D3-BF4B-00C04F79EFBC}") = "CSharpStudy10", "CSharpStudy10\CSharpStudy10.csproj", "{D7732D4E-C480-4522-84BC-CF21979708E4}"
EndProject
Project("{FAE04EC0-301F-11D3-BF4B-00C04F79EFBC}") = "CSharpStudy-practice02", "CSharpStudy-practice02\CSharpStudy-practice02.csproj", "{D240E980-F835-4CB8-8C90-BA56D3BCB48D}"
EndProject
Global
	GlobalSection(SolutionConfigurationPlatforms) = preSolution
		Debug|Any CPU = Debug|Any CPU
		Release|Any CPU = Release|Any CPU
	EndGlobalSection
	GlobalSection(ProjectConfigurationPlatforms) = postSolution
		{D1C28B54-3099-4FF8-AE42-7E8F9F1B7368}.Debug|Any CPU.ActiveCfg = Debug|Any CPU
		{D1C28B54-3099-4FF8-AE42-7E8F9F1B7368}.Debug|Any CPU.Build.0 = Debug|Any CPU
		{D1C28B54-3099-4FF8-AE42-7E8F9F1B7368}.Release|Any CPU.ActiveCfg = Release|Any CPU
		{D1C28B54-3099-4FF8-AE42-7E8F9F1B7368}.Release|Any CPU.Build.0 = Release|Any CPU
		{844462BA-A435-4117-9D3F-7662C73AC5DD}.Debug|Any CPU.ActiveCfg = Debug|Any CPU
		{844462BA-A435-4117-9D3F-7662C73AC5DD}.Debug|Any CPU.Build.0 = Debug|Any CPU
		{844462BA-A435-4117-9D3F-7662C73AC5DD}.Release|Any CPU.ActiveCfg = Release|Any CPU
		{844462BA-A435-4117-9D3F-7662C73AC5DD}.Release|Any CPU.Build.0 = Release|Any CPU
		{D7732D4E-C480-4522-84BC-CF21979708E4}.Debug|Any CPU.ActiveCfg = Debug|Any CPU
		{D7732D4E-C480-4522-84BC-CF21979708E4}.Debug|Any CPU.Build.0 = Debug|Any CPU
		{D7732D4E-C480-4522-84BC-CF21979708E4}.Release|Any CPU.ActiveCfg = Release|Any CPU
		{D7732D4E-C480-4522-84BC-CF21979708E4}.Release|Any CPU.Build.0 = Release|Any CPU
		{D240E980-F835-4CB8-8C90-BA56D3BCB48D}.Debug|Any CPU.ActiveCfg = Debug|Any CPU
		{D240E980-F835-4CB8-8C90-BA56D3BCB48D}.Debug|Any CPU.Build.0 = Debug|Any CPU
		{D240E980-F835-4CB8-8C90-BA56D3BCB48D}.Release|Any CPU.ActiveCfg = Release|Any CPU
		{D240E980-F835-4CB8-8C90-BA56D3BCB48D}.Release|Any CPU.Build.0 = Release|Any CPU
	EndGlobalSection
	GlobalSection(SolutionProperties) = preSolution
		HideSolutionNode = FALSE
	EndGlobalSection
	GlobalSection(ExtensibilityGlobals) = postSolution
		SolutionGuid = {52A7C568-CE4A-44FD-9778-E55BA0E9547E}
	EndGlobalSection
EndGlobal
