
Microsoft Visual Studio Solution File, Format Version 12.00
# Visual Studio Version 17
VisualStudioVersion = 17.2.32526.322
MinimumVisualStudioVersion = 10.0.40219.1
Project("{FAE04EC0-301F-11D3-BF4B-00C04F79EFBC}") = "CSharpStudy0824", "CSharpStudy0824\CSharpStudy0824.csproj", "{A7581B48-2AFF-484D-ADBE-C59A0707DBA4}"
EndProject
Project("{FAE04EC0-301F-11D3-BF4B-00C04F79EFBC}") = "CSharpStudy0824-1", "CSharpStudy0824-1\CSharpStudy0824-1.csproj", "{2262191A-CEAC-436B-90C3-4EDA7CA1B323}"
EndProject
Global
	GlobalSection(SolutionConfigurationPlatforms) = preSolution
		Debug|Any CPU = Debug|Any CPU
		Release|Any CPU = Release|Any CPU
	EndGlobalSection
	GlobalSection(ProjectConfigurationPlatforms) = postSolution
		{A7581B48-2AFF-484D-ADBE-C59A0707DBA4}.Debug|Any CPU.ActiveCfg = Debug|Any CPU
		{A7581B48-2AFF-484D-ADBE-C59A0707DBA4}.Debug|Any CPU.Build.0 = Debug|Any CPU
		{A7581B48-2AFF-484D-ADBE-C59A0707DBA4}.Release|Any CPU.ActiveCfg = Release|Any CPU
		{A7581B48-2AFF-484D-ADBE-C59A0707DBA4}.Release|Any CPU.Build.0 = Release|Any CPU
		{2262191A-CEAC-436B-90C3-4EDA7CA1B323}.Debug|Any CPU.ActiveCfg = Debug|Any CPU
		{2262191A-CEAC-436B-90C3-4EDA7CA1B323}.Debug|Any CPU.Build.0 = Debug|Any CPU
		{2262191A-CEAC-436B-90C3-4EDA7CA1B323}.Release|Any CPU.ActiveCfg = Release|Any CPU
		{2262191A-CEAC-436B-90C3-4EDA7CA1B323}.Release|Any CPU.Build.0 = Release|Any CPU
	EndGlobalSection
	GlobalSection(SolutionProperties) = preSolution
		HideSolutionNode = FALSE
	EndGlobalSection
	GlobalSection(ExtensibilityGlobals) = postSolution
		SolutionGuid = {338A4474-ADC4-402B-A62E-99D720578027}
	EndGlobalSection
EndGlobal
