
Microsoft Visual Studio Solution File, Format Version 12.00
# Visual Studio Version 17
VisualStudioVersion = 17.2.32526.322
MinimumVisualStudioVersion = 10.0.40219.1
Project("{FAE04EC0-301F-11D3-BF4B-00C04F79EFBC}") = "CSharpStudy01", "CSharpStudy01\CSharpStudy01.csproj", "{30DDE2BE-5918-4F05-A08A-4ADCBF5EEEA3}"
EndProject
Project("{FAE04EC0-301F-11D3-BF4B-00C04F79EFBC}") = "CSharpStudy02", "CSharpStudy02\CSharpStudy02.csproj", "{548E5622-AE7D-464D-BE6B-B8F23F348D91}"
EndProject
Project("{FAE04EC0-301F-11D3-BF4B-00C04F79EFBC}") = "CSharpStudy03", "CSharpStudy03\CSharpStudy03.csproj", "{21D14E29-C9BB-4A50-B56B-EF900E0FAFDB}"
EndProject
Project("{FAE04EC0-301F-11D3-BF4B-00C04F79EFBC}") = "CSharpStudy04_WinForm", "CSharpStudy04_WinForm\CSharpStudy04_WinForm.csproj", "{301A1C93-DC1E-46BF-840B-1A404E4876B2}"
EndProject
Global
	GlobalSection(SolutionConfigurationPlatforms) = preSolution
		Debug|Any CPU = Debug|Any CPU
		Release|Any CPU = Release|Any CPU
	EndGlobalSection
	GlobalSection(ProjectConfigurationPlatforms) = postSolution
		{30DDE2BE-5918-4F05-A08A-4ADCBF5EEEA3}.Debug|Any CPU.ActiveCfg = Debug|Any CPU
		{30DDE2BE-5918-4F05-A08A-4ADCBF5EEEA3}.Debug|Any CPU.Build.0 = Debug|Any CPU
		{30DDE2BE-5918-4F05-A08A-4ADCBF5EEEA3}.Release|Any CPU.ActiveCfg = Release|Any CPU
		{30DDE2BE-5918-4F05-A08A-4ADCBF5EEEA3}.Release|Any CPU.Build.0 = Release|Any CPU
		{548E5622-AE7D-464D-BE6B-B8F23F348D91}.Debug|Any CPU.ActiveCfg = Debug|Any CPU
		{548E5622-AE7D-464D-BE6B-B8F23F348D91}.Debug|Any CPU.Build.0 = Debug|Any CPU
		{548E5622-AE7D-464D-BE6B-B8F23F348D91}.Release|Any CPU.ActiveCfg = Release|Any CPU
		{548E5622-AE7D-464D-BE6B-B8F23F348D91}.Release|Any CPU.Build.0 = Release|Any CPU
		{21D14E29-C9BB-4A50-B56B-EF900E0FAFDB}.Debug|Any CPU.ActiveCfg = Debug|Any CPU
		{21D14E29-C9BB-4A50-B56B-EF900E0FAFDB}.Debug|Any CPU.Build.0 = Debug|Any CPU
		{21D14E29-C9BB-4A50-B56B-EF900E0FAFDB}.Release|Any CPU.ActiveCfg = Release|Any CPU
		{21D14E29-C9BB-4A50-B56B-EF900E0FAFDB}.Release|Any CPU.Build.0 = Release|Any CPU
		{301A1C93-DC1E-46BF-840B-1A404E4876B2}.Debug|Any CPU.ActiveCfg = Debug|Any CPU
		{301A1C93-DC1E-46BF-840B-1A404E4876B2}.Debug|Any CPU.Build.0 = Debug|Any CPU
		{301A1C93-DC1E-46BF-840B-1A404E4876B2}.Release|Any CPU.ActiveCfg = Release|Any CPU
		{301A1C93-DC1E-46BF-840B-1A404E4876B2}.Release|Any CPU.Build.0 = Release|Any CPU
	EndGlobalSection
	GlobalSection(SolutionProperties) = preSolution
		HideSolutionNode = FALSE
	EndGlobalSection
	GlobalSection(ExtensibilityGlobals) = postSolution
		SolutionGuid = {ABC15CED-8B9E-476E-96A4-F45391E9BC1F}
	EndGlobalSection
EndGlobal
