
Microsoft Visual Studio Solution File, Format Version 12.00
# Visual Studio Version 17
VisualStudioVersion = 17.2.32526.322
MinimumVisualStudioVersion = 10.0.40219.1
Project("{FAE04EC0-301F-11D3-BF4B-00C04F79EFBC}") = "CSharpStudy02", "CSharpStudy02\CSharpStudy02.csproj", "{9F32B902-18DE-4E76-B797-5634D99CBBB3}"
EndProject
Project("{FAE04EC0-301F-11D3-BF4B-00C04F79EFBC}") = "CSharpStudy02_02", "CSharpStudy02_02\CSharpStudy02_02.csproj", "{D2575E7C-A39E-4786-87FC-D47E4B9E7B86}"
EndProject
Project("{FAE04EC0-301F-11D3-BF4B-00C04F79EFBC}") = "CSharpStudy02_03", "CSharpStudy02_03\CSharpStudy02_03.csproj", "{056B5AD3-98B4-4D4F-AD12-15C4408C1602}"
EndProject
Project("{FAE04EC0-301F-11D3-BF4B-00C04F79EFBC}") = "CSharpStudy02_04", "CSharpStudy02_04\CSharpStudy02_04.csproj", "{ECB7624D-8720-413B-A344-34BC141BE244}"
EndProject
Global
	GlobalSection(SolutionConfigurationPlatforms) = preSolution
		Debug|Any CPU = Debug|Any CPU
		Release|Any CPU = Release|Any CPU
	EndGlobalSection
	GlobalSection(ProjectConfigurationPlatforms) = postSolution
		{9F32B902-18DE-4E76-B797-5634D99CBBB3}.Debug|Any CPU.ActiveCfg = Debug|Any CPU
		{9F32B902-18DE-4E76-B797-5634D99CBBB3}.Debug|Any CPU.Build.0 = Debug|Any CPU
		{9F32B902-18DE-4E76-B797-5634D99CBBB3}.Release|Any CPU.ActiveCfg = Release|Any CPU
		{9F32B902-18DE-4E76-B797-5634D99CBBB3}.Release|Any CPU.Build.0 = Release|Any CPU
		{D2575E7C-A39E-4786-87FC-D47E4B9E7B86}.Debug|Any CPU.ActiveCfg = Debug|Any CPU
		{D2575E7C-A39E-4786-87FC-D47E4B9E7B86}.Debug|Any CPU.Build.0 = Debug|Any CPU
		{D2575E7C-A39E-4786-87FC-D47E4B9E7B86}.Release|Any CPU.ActiveCfg = Release|Any CPU
		{D2575E7C-A39E-4786-87FC-D47E4B9E7B86}.Release|Any CPU.Build.0 = Release|Any CPU
		{056B5AD3-98B4-4D4F-AD12-15C4408C1602}.Debug|Any CPU.ActiveCfg = Debug|Any CPU
		{056B5AD3-98B4-4D4F-AD12-15C4408C1602}.Debug|Any CPU.Build.0 = Debug|Any CPU
		{056B5AD3-98B4-4D4F-AD12-15C4408C1602}.Release|Any CPU.ActiveCfg = Release|Any CPU
		{056B5AD3-98B4-4D4F-AD12-15C4408C1602}.Release|Any CPU.Build.0 = Release|Any CPU
		{ECB7624D-8720-413B-A344-34BC141BE244}.Debug|Any CPU.ActiveCfg = Debug|Any CPU
		{ECB7624D-8720-413B-A344-34BC141BE244}.Debug|Any CPU.Build.0 = Debug|Any CPU
		{ECB7624D-8720-413B-A344-34BC141BE244}.Release|Any CPU.ActiveCfg = Release|Any CPU
		{ECB7624D-8720-413B-A344-34BC141BE244}.Release|Any CPU.Build.0 = Release|Any CPU
	EndGlobalSection
	GlobalSection(SolutionProperties) = preSolution
		HideSolutionNode = FALSE
	EndGlobalSection
	GlobalSection(ExtensibilityGlobals) = postSolution
		SolutionGuid = {4AD90F08-7BD3-4893-946B-598AF3D4F7B8}
	EndGlobalSection
EndGlobal
