
Microsoft Visual Studio Solution File, Format Version 12.00
# Visual Studio Version 17
VisualStudioVersion = 17.2.32526.322
MinimumVisualStudioVersion = 10.0.40219.1
Project("{FAE04EC0-301F-11D3-BF4B-00C04F79EFBC}") = "CsharpPJ_lotto", "CsharpPJ_lotto\CsharpPJ_lotto.csproj", "{253F291C-1594-4DB3-9F25-74186439599B}"
EndProject
Global
	GlobalSection(SolutionConfigurationPlatforms) = preSolution
		Debug|Any CPU = Debug|Any CPU
		Release|Any CPU = Release|Any CPU
	EndGlobalSection
	GlobalSection(ProjectConfigurationPlatforms) = postSolution
		{253F291C-1594-4DB3-9F25-74186439599B}.Debug|Any CPU.ActiveCfg = Debug|Any CPU
		{253F291C-1594-4DB3-9F25-74186439599B}.Debug|Any CPU.Build.0 = Debug|Any CPU
		{253F291C-1594-4DB3-9F25-74186439599B}.Release|Any CPU.ActiveCfg = Release|Any CPU
		{253F291C-1594-4DB3-9F25-74186439599B}.Release|Any CPU.Build.0 = Release|Any CPU
	EndGlobalSection
	GlobalSection(SolutionProperties) = preSolution
		HideSolutionNode = FALSE
	EndGlobalSection
	GlobalSection(ExtensibilityGlobals) = postSolution
		SolutionGuid = {3F05D4EE-60B4-4340-9D13-3B2FFC320BEE}
	EndGlobalSection
EndGlobal
