
Microsoft Visual Studio Solution File, Format Version 12.00
# Visual Studio Version 17
VisualStudioVersion = 17.2.32526.322
MinimumVisualStudioVersion = 10.0.40219.1
Project("{FAE04EC0-301F-11D3-BF4B-00C04F79EFBC}") = "CSharpStudy0824-1", "CSharpStudy0824-1\CSharpStudy0824-1.csproj", "{7B2C4035-D295-4779-937C-D354DCDC3F19}"
EndProject
Global
	GlobalSection(SolutionConfigurationPlatforms) = preSolution
		Debug|Any CPU = Debug|Any CPU
		Release|Any CPU = Release|Any CPU
	EndGlobalSection
	GlobalSection(ProjectConfigurationPlatforms) = postSolution
		{7B2C4035-D295-4779-937C-D354DCDC3F19}.Debug|Any CPU.ActiveCfg = Debug|Any CPU
		{7B2C4035-D295-4779-937C-D354DCDC3F19}.Debug|Any CPU.Build.0 = Debug|Any CPU
		{7B2C4035-D295-4779-937C-D354DCDC3F19}.Release|Any CPU.ActiveCfg = Release|Any CPU
		{7B2C4035-D295-4779-937C-D354DCDC3F19}.Release|Any CPU.Build.0 = Release|Any CPU
	EndGlobalSection
	GlobalSection(SolutionProperties) = preSolution
		HideSolutionNode = FALSE
	EndGlobalSection
	GlobalSection(ExtensibilityGlobals) = postSolution
		SolutionGuid = {C667D0F9-A365-4A7B-BC30-20AA954F3A89}
	EndGlobalSection
EndGlobal
