
Microsoft Visual Studio Solution File, Format Version 12.00
# Visual Studio Version 17
VisualStudioVersion = 17.2.32526.322
MinimumVisualStudioVersion = 10.0.40219.1
Project("{FAE04EC0-301F-11D3-BF4B-00C04F79EFBC}") = "CSharpStudy12", "CSharpStudy12\CSharpStudy12.csproj", "{B06745EB-738D-4D55-8BF5-6174B94E4156}"
EndProject
Project("{FAE04EC0-301F-11D3-BF4B-00C04F79EFBC}") = "Lotto_Pr", "Lotto_Pr\Lotto_Pr.csproj", "{9001EDCB-FAFF-4B19-A301-C71BA3530210}"
EndProject
Global
	GlobalSection(SolutionConfigurationPlatforms) = preSolution
		Debug|Any CPU = Debug|Any CPU
		Release|Any CPU = Release|Any CPU
	EndGlobalSection
	GlobalSection(ProjectConfigurationPlatforms) = postSolution
		{B06745EB-738D-4D55-8BF5-6174B94E4156}.Debug|Any CPU.ActiveCfg = Debug|Any CPU
		{B06745EB-738D-4D55-8BF5-6174B94E4156}.Debug|Any CPU.Build.0 = Debug|Any CPU
		{B06745EB-738D-4D55-8BF5-6174B94E4156}.Release|Any CPU.ActiveCfg = Release|Any CPU
		{B06745EB-738D-4D55-8BF5-6174B94E4156}.Release|Any CPU.Build.0 = Release|Any CPU
		{9001EDCB-FAFF-4B19-A301-C71BA3530210}.Debug|Any CPU.ActiveCfg = Debug|Any CPU
		{9001EDCB-FAFF-4B19-A301-C71BA3530210}.Debug|Any CPU.Build.0 = Debug|Any CPU
		{9001EDCB-FAFF-4B19-A301-C71BA3530210}.Release|Any CPU.ActiveCfg = Release|Any CPU
		{9001EDCB-FAFF-4B19-A301-C71BA3530210}.Release|Any CPU.Build.0 = Release|Any CPU
	EndGlobalSection
	GlobalSection(SolutionProperties) = preSolution
		HideSolutionNode = FALSE
	EndGlobalSection
	GlobalSection(ExtensibilityGlobals) = postSolution
		SolutionGuid = {00302836-3BA0-429D-BAE1-F225920ECAC8}
	EndGlobalSection
EndGlobal
